
Microsoft Visual Studio Solution File, Format Version 12.00
# Visual Studio Version 17
VisualStudioVersion = 17.5.33424.131
MinimumVisualStudioVersion = 10.0.40219.1
Project("{8BC9CEB8-8B4A-11D0-8D11-00A0C91BC942}") = "ModulatedLED", "ModulatedLED.vcxproj", "{CEACF121-29B8-41E5-8C03-7EC0CFF56456}"
EndProject
Global
	GlobalSection(SolutionConfigurationPlatforms) = preSolution
		Debug|ARM = Debug|ARM
		Debug|ARM64 = Debug|ARM64
		Debug|x64 = Debug|x64
		Debug|x86 = Debug|x86
		Release|ARM = Release|ARM
		Release|ARM64 = Release|ARM64
		Release|x64 = Release|x64
		Release|x86 = Release|x86
	EndGlobalSection
	GlobalSection(ProjectConfigurationPlatforms) = postSolution
		{CEACF121-29B8-41E5-8C03-7EC0CFF56456}.Debug|ARM.ActiveCfg = Debug|ARM
		{CEACF121-29B8-41E5-8C03-7EC0CFF56456}.Debug|ARM.Build.0 = Debug|ARM
		{CEACF121-29B8-41E5-8C03-7EC0CFF56456}.Debug|ARM.Deploy.0 = Debug|ARM
		{CEACF121-29B8-41E5-8C03-7EC0CFF56456}.Debug|ARM64.ActiveCfg = Debug|ARM64
		{CEACF121-29B8-41E5-8C03-7EC0CFF56456}.Debug|ARM64.Build.0 = Debug|ARM64
		{CEACF121-29B8-41E5-8C03-7EC0CFF56456}.Debug|ARM64.Deploy.0 = Debug|ARM64
		{CEACF121-29B8-41E5-8C03-7EC0CFF56456}.Debug|x64.ActiveCfg = Debug|x64
		{CEACF121-29B8-41E5-8C03-7EC0CFF56456}.Debug|x64.Build.0 = Debug|x64
		{CEACF121-29B8-41E5-8C03-7EC0CFF56456}.Debug|x64.Deploy.0 = Debug|x64
		{CEACF121-29B8-41E5-8C03-7EC0CFF56456}.Debug|x86.ActiveCfg = Debug|x86
		{CEACF121-29B8-41E5-8C03-7EC0CFF56456}.Debug|x86.Build.0 = Debug|x86
		{CEACF121-29B8-41E5-8C03-7EC0CFF56456}.Debug|x86.Deploy.0 = Debug|x86
		{CEACF121-29B8-41E5-8C03-7EC0CFF56456}.Release|ARM.ActiveCfg = Release|ARM
		{CEACF121-29B8-41E5-8C03-7EC0CFF56456}.Release|ARM.Build.0 = Release|ARM
		{CEACF121-29B8-41E5-8C03-7EC0CFF56456}.Release|ARM.Deploy.0 = Release|ARM
		{CEACF121-29B8-41E5-8C03-7EC0CFF56456}.Release|ARM64.ActiveCfg = Release|ARM64
		{CEACF121-29B8-41E5-8C03-7EC0CFF56456}.Release|ARM64.Build.0 = Release|ARM64
		{CEACF121-29B8-41E5-8C03-7EC0CFF56456}.Release|ARM64.Deploy.0 = Release|ARM64
		{CEACF121-29B8-41E5-8C03-7EC0CFF56456}.Release|x64.ActiveCfg = Release|x64
		{CEACF121-29B8-41E5-8C03-7EC0CFF56456}.Release|x64.Build.0 = Release|x64
		{CEACF121-29B8-41E5-8C03-7EC0CFF56456}.Release|x64.Deploy.0 = Release|x64
		{CEACF121-29B8-41E5-8C03-7EC0CFF56456}.Release|x86.ActiveCfg = Release|x86
		{CEACF121-29B8-41E5-8C03-7EC0CFF56456}.Release|x86.Build.0 = Release|x86
		{CEACF121-29B8-41E5-8C03-7EC0CFF56456}.Release|x86.Deploy.0 = Release|x86
	EndGlobalSection
	GlobalSection(SolutionProperties) = preSolution
		HideSolutionNode = FALSE
	EndGlobalSection
	GlobalSection(ExtensibilityGlobals) = postSolution
		SolutionGuid = {FBB93C36-EF4B-4CDA-ADEA-AE4B4F935D83}
	EndGlobalSection
EndGlobal
